
Microsoft Visual Studio Solution File, Format Version 12.00
# Visual Studio 15
VisualStudioVersion = 15.0.28010.2026
MinimumVisualStudioVersion = 10.0.40219.1
Project("{FAE04EC0-301F-11D3-BF4B-00C04F79EFBC}") = "Oder_api", "Oder\Oder_api.csproj", "{FFCFE710-66C3-4523-AB5E-2B47FE0E8BF0}"
EndProject
Project("{FAE04EC0-301F-11D3-BF4B-00C04F79EFBC}") = "Oder_domain", "Oder_domain\Oder_domain.csproj", "{EB5437B9-E2B1-4FFE-93CE-AF1C5923D185}"
EndProject
Project("{FAE04EC0-301F-11D3-BF4B-00C04F79EFBC}") = "Oder_service", "Oder_service\Oder_service.csproj", "{24645B9F-67C6-4C21-8884-D3A1C4C40EF8}"
EndProject
Global
	GlobalSection(SolutionConfigurationPlatforms) = preSolution
		Debug|Any CPU = Debug|Any CPU
		Release|Any CPU = Release|Any CPU
	EndGlobalSection
	GlobalSection(ProjectConfigurationPlatforms) = postSolution
		{FFCFE710-66C3-4523-AB5E-2B47FE0E8BF0}.Debug|Any CPU.ActiveCfg = Debug|Any CPU
		{FFCFE710-66C3-4523-AB5E-2B47FE0E8BF0}.Debug|Any CPU.Build.0 = Debug|Any CPU
		{FFCFE710-66C3-4523-AB5E-2B47FE0E8BF0}.Release|Any CPU.ActiveCfg = Release|Any CPU
		{FFCFE710-66C3-4523-AB5E-2B47FE0E8BF0}.Release|Any CPU.Build.0 = Release|Any CPU
		{EB5437B9-E2B1-4FFE-93CE-AF1C5923D185}.Debug|Any CPU.ActiveCfg = Debug|Any CPU
		{EB5437B9-E2B1-4FFE-93CE-AF1C5923D185}.Debug|Any CPU.Build.0 = Debug|Any CPU
		{EB5437B9-E2B1-4FFE-93CE-AF1C5923D185}.Release|Any CPU.ActiveCfg = Release|Any CPU
		{EB5437B9-E2B1-4FFE-93CE-AF1C5923D185}.Release|Any CPU.Build.0 = Release|Any CPU
		{24645B9F-67C6-4C21-8884-D3A1C4C40EF8}.Debug|Any CPU.ActiveCfg = Debug|Any CPU
		{24645B9F-67C6-4C21-8884-D3A1C4C40EF8}.Debug|Any CPU.Build.0 = Debug|Any CPU
		{24645B9F-67C6-4C21-8884-D3A1C4C40EF8}.Release|Any CPU.ActiveCfg = Release|Any CPU
		{24645B9F-67C6-4C21-8884-D3A1C4C40EF8}.Release|Any CPU.Build.0 = Release|Any CPU
	EndGlobalSection
	GlobalSection(SolutionProperties) = preSolution
		HideSolutionNode = FALSE
	EndGlobalSection
	GlobalSection(ExtensibilityGlobals) = postSolution
		SolutionGuid = {BA11DC95-F474-448B-993F-59BC738C908C}
	EndGlobalSection
EndGlobal
