
Microsoft Visual Studio Solution File, Format Version 12.00
# Visual Studio 15
VisualStudioVersion = 15.0.28010.2026
MinimumVisualStudioVersion = 10.0.40219.1
Project("{9A19103F-16F7-4668-BE54-9A1E7A4F7556}") = "Oder.Api", "Oder\Oder.Api.csproj", "{FFCFE710-66C3-4523-AB5E-2B47FE0E8BF0}"
EndProject
Project("{9A19103F-16F7-4668-BE54-9A1E7A4F7556}") = "Oder.Domain", "Oder_domain\Oder.Domain.csproj", "{EB5437B9-E2B1-4FFE-93CE-AF1C5923D185}"
EndProject
Project("{9A19103F-16F7-4668-BE54-9A1E7A4F7556}") = "Oder.Services", "Oder_services\Oder.Services.csproj", "{24645B9F-67C6-4C21-8884-D3A1C4C40EF8}"
EndProject
Project("{9A19103F-16F7-4668-BE54-9A1E7A4F7556}") = "Oder.Domain.UnitTests", "Order.Domain.UnitTests\Oder.Domain.UnitTests.csproj", "{F3908356-F426-4014-B730-53BFE7D9CD02}"
EndProject
Project("{9A19103F-16F7-4668-BE54-9A1E7A4F7556}") = "Oder.Services.UnitTests", "Order.Services.UnitTests\Oder.Services.UnitTests.csproj", "{0723F918-3863-41FB-8A19-3D3F7DA567F1}"
EndProject
Project("{9A19103F-16F7-4668-BE54-9A1E7A4F7556}") = "Oder.Api.UnitTests", "Oder.Api.UnitTests\Oder.Api.UnitTests.csproj", "{B530F60A-290E-4F73-A655-9B7D6B93A002}"
EndProject
Project("{FAE04EC0-301F-11D3-BF4B-00C04F79EFBC}") = "Oder.IntegrationTests", "Oder.IntegrationTests\Oder.IntegrationTests.csproj", "{112F99A5-C9E4-4FB9-8D67-88BE2C97B33B}"
EndProject
Global
	GlobalSection(SolutionConfigurationPlatforms) = preSolution
		Debug|Any CPU = Debug|Any CPU
		Release|Any CPU = Release|Any CPU
	EndGlobalSection
	GlobalSection(ProjectConfigurationPlatforms) = postSolution
		{FFCFE710-66C3-4523-AB5E-2B47FE0E8BF0}.Debug|Any CPU.ActiveCfg = Debug|Any CPU
		{FFCFE710-66C3-4523-AB5E-2B47FE0E8BF0}.Debug|Any CPU.Build.0 = Debug|Any CPU
		{FFCFE710-66C3-4523-AB5E-2B47FE0E8BF0}.Release|Any CPU.ActiveCfg = Release|Any CPU
		{FFCFE710-66C3-4523-AB5E-2B47FE0E8BF0}.Release|Any CPU.Build.0 = Release|Any CPU
		{EB5437B9-E2B1-4FFE-93CE-AF1C5923D185}.Debug|Any CPU.ActiveCfg = Debug|Any CPU
		{EB5437B9-E2B1-4FFE-93CE-AF1C5923D185}.Debug|Any CPU.Build.0 = Debug|Any CPU
		{EB5437B9-E2B1-4FFE-93CE-AF1C5923D185}.Release|Any CPU.ActiveCfg = Release|Any CPU
		{EB5437B9-E2B1-4FFE-93CE-AF1C5923D185}.Release|Any CPU.Build.0 = Release|Any CPU
		{24645B9F-67C6-4C21-8884-D3A1C4C40EF8}.Debug|Any CPU.ActiveCfg = Debug|Any CPU
		{24645B9F-67C6-4C21-8884-D3A1C4C40EF8}.Debug|Any CPU.Build.0 = Debug|Any CPU
		{24645B9F-67C6-4C21-8884-D3A1C4C40EF8}.Release|Any CPU.ActiveCfg = Release|Any CPU
		{24645B9F-67C6-4C21-8884-D3A1C4C40EF8}.Release|Any CPU.Build.0 = Release|Any CPU
		{F3908356-F426-4014-B730-53BFE7D9CD02}.Debug|Any CPU.ActiveCfg = Debug|Any CPU
		{F3908356-F426-4014-B730-53BFE7D9CD02}.Debug|Any CPU.Build.0 = Debug|Any CPU
		{F3908356-F426-4014-B730-53BFE7D9CD02}.Release|Any CPU.ActiveCfg = Release|Any CPU
		{F3908356-F426-4014-B730-53BFE7D9CD02}.Release|Any CPU.Build.0 = Release|Any CPU
		{0723F918-3863-41FB-8A19-3D3F7DA567F1}.Debug|Any CPU.ActiveCfg = Debug|Any CPU
		{0723F918-3863-41FB-8A19-3D3F7DA567F1}.Debug|Any CPU.Build.0 = Debug|Any CPU
		{0723F918-3863-41FB-8A19-3D3F7DA567F1}.Release|Any CPU.ActiveCfg = Release|Any CPU
		{0723F918-3863-41FB-8A19-3D3F7DA567F1}.Release|Any CPU.Build.0 = Release|Any CPU
		{B530F60A-290E-4F73-A655-9B7D6B93A002}.Debug|Any CPU.ActiveCfg = Debug|Any CPU
		{B530F60A-290E-4F73-A655-9B7D6B93A002}.Debug|Any CPU.Build.0 = Debug|Any CPU
		{B530F60A-290E-4F73-A655-9B7D6B93A002}.Release|Any CPU.ActiveCfg = Release|Any CPU
		{B530F60A-290E-4F73-A655-9B7D6B93A002}.Release|Any CPU.Build.0 = Release|Any CPU
		{112F99A5-C9E4-4FB9-8D67-88BE2C97B33B}.Debug|Any CPU.ActiveCfg = Debug|Any CPU
		{112F99A5-C9E4-4FB9-8D67-88BE2C97B33B}.Debug|Any CPU.Build.0 = Debug|Any CPU
		{112F99A5-C9E4-4FB9-8D67-88BE2C97B33B}.Release|Any CPU.ActiveCfg = Release|Any CPU
		{112F99A5-C9E4-4FB9-8D67-88BE2C97B33B}.Release|Any CPU.Build.0 = Release|Any CPU
	EndGlobalSection
	GlobalSection(SolutionProperties) = preSolution
		HideSolutionNode = FALSE
	EndGlobalSection
	GlobalSection(ExtensibilityGlobals) = postSolution
		SolutionGuid = {BA11DC95-F474-448B-993F-59BC738C908C}
	EndGlobalSection
EndGlobal
